// !$*UTF8*$!
{
	archiveVersion = 1;
	classes = {
	};
	objectVersion = 50;
	objects = {

/* Begin PBXBuildFile section */
		DA525E4520E6A52300E7A043 /* AppDelegate.swift in Sources */ = {isa = PBXBuildFile; fileRef = DA525E4420E6A52300E7A043 /* AppDelegate.swift */; };
		DA525E4720E6A52300E7A043 /* ListViewController.swift in Sources */ = {isa = PBXBuildFile; fileRef = DA525E4620E6A52300E7A043 /* ListViewController.swift */; };
		DA525E4C20E6A52500E7A043 /* Assets.xcassets in Resources */ = {isa = PBXBuildFile; fileRef = DA525E4B20E6A52500E7A043 /* Assets.xcassets */; };
		DA525E4F20E6A52500E7A043 /* LaunchScreen.storyboard in Resources */ = {isa = PBXBuildFile; fileRef = DA525E4D20E6A52500E7A043 /* LaunchScreen.storyboard */; };
		DA525E5720E6A6F000E7A043 /* ListCell.swift in Sources */ = {isa = PBXBuildFile; fileRef = DA525E5620E6A6F000E7A043 /* ListCell.swift */; };
		DA525E5920E6A7D300E7A043 /* Cartfile in Resources */ = {isa = PBXBuildFile; fileRef = DA525E5820E6A7D300E7A043 /* Cartfile */; };
		DA525E5B20E6A8AA00E7A043 /* UIEdgeInset+.swift in Sources */ = {isa = PBXBuildFile; fileRef = DA525E5A20E6A8AA00E7A043 /* UIEdgeInset+.swift */; };
		DA525E5E20E6A90A00E7A043 /* ActionClosurable.framework in Frameworks */ = {isa = PBXBuildFile; fileRef = DA525E5D20E6A90A00E7A043 /* ActionClosurable.framework */; };
		DA525E6020E6A90C00E7A043 /* Hero.framework in Frameworks */ = {isa = PBXBuildFile; fileRef = DA525E5F20E6A90C00E7A043 /* Hero.framework */; };
		DA525E6220E6A90E00E7A043 /* PureLayout.framework in Frameworks */ = {isa = PBXBuildFile; fileRef = DA525E6120E6A90E00E7A043 /* PureLayout.framework */; };
		DA525E6420E6A91000E7A043 /* SwiftExtensions.framework in Frameworks */ = {isa = PBXBuildFile; fileRef = DA525E6320E6A91000E7A043 /* SwiftExtensions.framework */; };
		DA525E6920E6AC2000E7A043 /* DetailViewController.swift in Sources */ = {isa = PBXBuildFile; fileRef = DA525E6820E6AC2000E7A043 /* DetailViewController.swift */; };
		DA525E6D20E7404B00E7A043 /* HeroId.swift in Sources */ = {isa = PBXBuildFile; fileRef = DA525E6C20E7404B00E7A043 /* HeroId.swift */; };
/* End PBXBuildFile section */

/* Begin PBXFileReference section */
		DA525E4120E6A52300E7A043 /* AnimationSample.app */ = {isa = PBXFileReference; explicitFileType = wrapper.application; includeInIndex = 0; path = AnimationSample.app; sourceTree = BUILT_PRODUCTS_DIR; };
		DA525E4420E6A52300E7A043 /* AppDelegate.swift */ = {isa = PBXFileReference; lastKnownFileType = sourcecode.swift; path = AppDelegate.swift; sourceTree = "<group>"; };
		DA525E4620E6A52300E7A043 /* ListViewController.swift */ = {isa = PBXFileReference; lastKnownFileType = sourcecode.swift; path = ListViewController.swift; sourceTree = "<group>"; };
		DA525E4B20E6A52500E7A043 /* Assets.xcassets */ = {isa = PBXFileReference; lastKnownFileType = folder.assetcatalog; path = Assets.xcassets; sourceTree = "<group>"; };
		DA525E4E20E6A52500E7A043 /* Base */ = {isa = PBXFileReference; lastKnownFileType = file.storyboard; name = Base; path = Base.lproj/LaunchScreen.storyboard; sourceTree = "<group>"; };
		DA525E5020E6A52500E7A043 /* Info.plist */ = {isa = PBXFileReference; lastKnownFileType = text.plist.xml; path = Info.plist; sourceTree = "<group>"; };
		DA525E5620E6A6F000E7A043 /* ListCell.swift */ = {isa = PBXFileReference; lastKnownFileType = sourcecode.swift; path = ListCell.swift; sourceTree = "<group>"; };
		DA525E5820E6A7D300E7A043 /* Cartfile */ = {isa = PBXFileReference; fileEncoding = 4; lastKnownFileType = text; path = Cartfile; sourceTree = SOURCE_ROOT; };
		DA525E5A20E6A8AA00E7A043 /* UIEdgeInset+.swift */ = {isa = PBXFileReference; fileEncoding = 4; lastKnownFileType = sourcecode.swift; path = "UIEdgeInset+.swift"; sourceTree = "<group>"; };
		DA525E5D20E6A90A00E7A043 /* ActionClosurable.framework */ = {isa = PBXFileReference; lastKnownFileType = wrapper.framework; name = ActionClosurable.framework; path = Carthage/Build/iOS/ActionClosurable.framework; sourceTree = "<group>"; };
		DA525E5F20E6A90C00E7A043 /* Hero.framework */ = {isa = PBXFileReference; lastKnownFileType = wrapper.framework; name = Hero.framework; path = Carthage/Build/iOS/Hero.framework; sourceTree = "<group>"; };
		DA525E6120E6A90E00E7A043 /* PureLayout.framework */ = {isa = PBXFileReference; lastKnownFileType = wrapper.framework; name = PureLayout.framework; path = Carthage/Build/iOS/PureLayout.framework; sourceTree = "<group>"; };
		DA525E6320E6A91000E7A043 /* SwiftExtensions.framework */ = {isa = PBXFileReference; lastKnownFileType = wrapper.framework; name = SwiftExtensions.framework; path = Carthage/Build/iOS/SwiftExtensions.framework; sourceTree = "<group>"; };
		DA525E6820E6AC2000E7A043 /* DetailViewController.swift */ = {isa = PBXFileReference; lastKnownFileType = sourcecode.swift; path = DetailViewController.swift; sourceTree = "<group>"; };
		DA525E6C20E7404B00E7A043 /* HeroId.swift */ = {isa = PBXFileReference; lastKnownFileType = sourcecode.swift; path = HeroId.swift; sourceTree = "<group>"; };
/* End PBXFileReference section */

/* Begin PBXFrameworksBuildPhase section */
		DA525E3E20E6A52300E7A043 /* Frameworks */ = {
			isa = PBXFrameworksBuildPhase;
			buildActionMask = 2147483647;
			files = (
				DA525E6020E6A90C00E7A043 /* Hero.framework in Frameworks */,
				DA525E6220E6A90E00E7A043 /* PureLayout.framework in Frameworks */,
				DA525E6420E6A91000E7A043 /* SwiftExtensions.framework in Frameworks */,
				DA525E5E20E6A90A00E7A043 /* ActionClosurable.framework in Frameworks */,
			);
			runOnlyForDeploymentPostprocessing = 0;
		};
/* End PBXFrameworksBuildPhase section */

/* Begin PBXGroup section */
		DA525E3820E6A52300E7A043 = {
			isa = PBXGroup;
			children = (
				DA525E4320E6A52300E7A043 /* AnimationSample */,
				DA525E4220E6A52300E7A043 /* Products */,
				DA525E5C20E6A90A00E7A043 /* Frameworks */,
			);
			sourceTree = "<group>";
		};
		DA525E4220E6A52300E7A043 /* Products */ = {
			isa = PBXGroup;
			children = (
				DA525E4120E6A52300E7A043 /* AnimationSample.app */,
			);
			name = Products;
			sourceTree = "<group>";
		};
		DA525E4320E6A52300E7A043 /* AnimationSample */ = {
			isa = PBXGroup;
			children = (
				DA525E5820E6A7D300E7A043 /* Cartfile */,
				DA525E4420E6A52300E7A043 /* AppDelegate.swift */,
				DA525E6C20E7404B00E7A043 /* HeroId.swift */,
				DA525E4620E6A52300E7A043 /* ListViewController.swift */,
				DA525E5620E6A6F000E7A043 /* ListCell.swift */,
				DA525E6820E6AC2000E7A043 /* DetailViewController.swift */,
				DA525E5A20E6A8AA00E7A043 /* UIEdgeInset+.swift */,
				DA525E4B20E6A52500E7A043 /* Assets.xcassets */,
				DA525E4D20E6A52500E7A043 /* LaunchScreen.storyboard */,
				DA525E5020E6A52500E7A043 /* Info.plist */,
			);
			path = AnimationSample;
			sourceTree = "<group>";
		};
		DA525E5C20E6A90A00E7A043 /* Frameworks */ = {
			isa = PBXGroup;
			children = (
				DA525E6320E6A91000E7A043 /* SwiftExtensions.framework */,
				DA525E6120E6A90E00E7A043 /* PureLayout.framework */,
				DA525E5F20E6A90C00E7A043 /* Hero.framework */,
				DA525E5D20E6A90A00E7A043 /* ActionClosurable.framework */,
			);
			name = Frameworks;
			sourceTree = "<group>";
		};
/* End PBXGroup section */

/* Begin PBXNativeTarget section */
		DA525E4020E6A52300E7A043 /* AnimationSample */ = {
			isa = PBXNativeTarget;
			buildConfigurationList = DA525E5320E6A52500E7A043 /* Build configuration list for PBXNativeTarget "AnimationSample" */;
			buildPhases = (
				DA525E3D20E6A52300E7A043 /* Sources */,
				DA525E3E20E6A52300E7A043 /* Frameworks */,
				DA525E3F20E6A52300E7A043 /* Resources */,
				DA525E6520E6A91D00E7A043 /* Carthage */,
			);
			buildRules = (
			);
			dependencies = (
			);
			name = AnimationSample;
			productName = AnimationSample;
			productReference = DA525E4120E6A52300E7A043 /* AnimationSample.app */;
			productType = "com.apple.product-type.application";
		};
/* End PBXNativeTarget section */

/* Begin PBXProject section */
		DA525E3920E6A52300E7A043 /* Project object */ = {
			isa = PBXProject;
			attributes = {
				LastSwiftUpdateCheck = 1000;
				LastUpgradeCheck = 1000;
				ORGANIZATIONNAME = "Shota Nakagami";
				TargetAttributes = {
					DA525E4020E6A52300E7A043 = {
						CreatedOnToolsVersion = 10.0;
					};
				};
			};
			buildConfigurationList = DA525E3C20E6A52300E7A043 /* Build configuration list for PBXProject "AnimationSample" */;
			compatibilityVersion = "Xcode 9.3";
			developmentRegion = en;
			hasScannedForEncodings = 0;
			knownRegions = (
				en,
				Base,
			);
			mainGroup = DA525E3820E6A52300E7A043;
			productRefGroup = DA525E4220E6A52300E7A043 /* Products */;
			projectDirPath = "";
			projectRoot = "";
			targets = (
				DA525E4020E6A52300E7A043 /* AnimationSample */,
			);
		};
/* End PBXProject section */

/* Begin PBXResourcesBuildPhase section */
		DA525E3F20E6A52300E7A043 /* Resources */ = {
			isa = PBXResourcesBuildPhase;
			buildActionMask = 2147483647;
			files = (
				DA525E5920E6A7D300E7A043 /* Cartfile in Resources */,
				DA525E4F20E6A52500E7A043 /* LaunchScreen.storyboard in Resources */,
				DA525E4C20E6A52500E7A043 /* Assets.xcassets in Resources */,
			);
			runOnlyForDeploymentPostprocessing = 0;
		};
/* End PBXResourcesBuildPhase section */

/* Begin PBXShellScriptBuildPhase section */
		DA525E6520E6A91D00E7A043 /* Carthage */ = {
			isa = PBXShellScriptBuildPhase;
			buildActionMask = 2147483647;
			files = (
			);
			inputFileListPaths = (
			);
			inputPaths = (
				"$(SRCROOT)/Carthage/Build/iOS/ActionClosurable.framework",
				"$(SRCROOT)/Carthage/Build/iOS/SwiftExtensions.framework",
				"$(SRCROOT)/Carthage/Build/iOS/PureLayout.framework",
				"$(SRCROOT)/Carthage/Build/iOS/Hero.framework",
			);
			name = Carthage;
			outputFileListPaths = (
			);
			outputPaths = (
			);
			runOnlyForDeploymentPostprocessing = 0;
			shellPath = /bin/sh;
			shellScript = "/usr/local/bin/carthage copy-frameworks\n";
		};
/* End PBXShellScriptBuildPhase section */

/* Begin PBXSourcesBuildPhase section */
		DA525E3D20E6A52300E7A043 /* Sources */ = {
			isa = PBXSourcesBuildPhase;
			buildActionMask = 2147483647;
			files = (
				DA525E5720E6A6F000E7A043 /* ListCell.swift in Sources */,
				DA525E4720E6A52300E7A043 /* ListViewController.swift in Sources */,
				DA525E6920E6AC2000E7A043 /* DetailViewController.swift in Sources */,
				DA525E5B20E6A8AA00E7A043 /* UIEdgeInset+.swift in Sources */,
				DA525E6D20E7404B00E7A043 /* HeroId.swift in Sources */,
				DA525E4520E6A52300E7A043 /* AppDelegate.swift in Sources */,
			);
			runOnlyForDeploymentPostprocessing = 0;
		};
/* End PBXSourcesBuildPhase section */

/* Begin PBXVariantGroup section */
		DA525E4D20E6A52500E7A043 /* LaunchScreen.storyboard */ = {
			isa = PBXVariantGroup;
			children = (
				DA525E4E20E6A52500E7A043 /* Base */,
			);
			name = LaunchScreen.storyboard;
			sourceTree = "<group>";
		};
/* End PBXVariantGroup section */

/* Begin XCBuildConfiguration section */
		DA525E5120E6A52500E7A043 /* Debug */ = {
			isa = XCBuildConfiguration;
			buildSettings = {
				ALWAYS_SEARCH_USER_PATHS = NO;
				CLANG_ANALYZER_NONNULL = YES;
				CLANG_ANALYZER_NUMBER_OBJECT_CONVERSION = YES_AGGRESSIVE;
				CLANG_CXX_LANGUAGE_STANDARD = "gnu++14";
				CLANG_CXX_LIBRARY = "libc++";
				CLANG_ENABLE_MODULES = YES;
				CLANG_ENABLE_OBJC_ARC = YES;
				CLANG_ENABLE_OBJC_WEAK = YES;
				CLANG_WARN_BLOCK_CAPTURE_AUTORELEASING = YES;
				CLANG_WARN_BOOL_CONVERSION = YES;
				CLANG_WARN_COMMA = YES;
				CLANG_WARN_CONSTANT_CONVERSION = YES;
				CLANG_WARN_DEPRECATED_OBJC_IMPLEMENTATIONS = YES;
				CLANG_WARN_DIRECT_OBJC_ISA_USAGE = YES_ERROR;
				CLANG_WARN_DOCUMENTATION_COMMENTS = YES;
				CLANG_WARN_EMPTY_BODY = YES;
				CLANG_WARN_ENUM_CONVERSION = YES;
				CLANG_WARN_INFINITE_RECURSION = YES;
				CLANG_WARN_INT_CONVERSION = YES;
				CLANG_WARN_NON_LITERAL_NULL_CONVERSION = YES;
				CLANG_WARN_OBJC_IMPLICIT_RETAIN_SELF = YES;
				CLANG_WARN_OBJC_LITERAL_CONVERSION = YES;
				CLANG_WARN_OBJC_ROOT_CLASS = YES_ERROR;
				CLANG_WARN_RANGE_LOOP_ANALYSIS = YES;
				CLANG_WARN_STRICT_PROTOTYPES = YES;
				CLANG_WARN_SUSPICIOUS_MOVE = YES;
				CLANG_WARN_UNGUARDED_AVAILABILITY = YES_AGGRESSIVE;
				CLANG_WARN_UNREACHABLE_CODE = YES;
				CLANG_WARN__DUPLICATE_METHOD_MATCH = YES;
				CODE_SIGN_IDENTITY = "iPhone Developer";
				COPY_PHASE_STRIP = NO;
				DEBUG_INFORMATION_FORMAT = dwarf;
				ENABLE_STRICT_OBJC_MSGSEND = YES;
				ENABLE_TESTABILITY = YES;
				GCC_C_LANGUAGE_STANDARD = gnu11;
				GCC_DYNAMIC_NO_PIC = NO;
				GCC_NO_COMMON_BLOCKS = YES;
				GCC_OPTIMIZATION_LEVEL = 0;
				GCC_PREPROCESSOR_DEFINITIONS = (
					"DEBUG=1",
					"$(inherited)",
				);
				GCC_WARN_64_TO_32_BIT_CONVERSION = YES;
				GCC_WARN_ABOUT_RETURN_TYPE = YES_ERROR;
				GCC_WARN_UNDECLARED_SELECTOR = YES;
				GCC_WARN_UNINITIALIZED_AUTOS = YES_AGGRESSIVE;
				GCC_WARN_UNUSED_FUNCTION = YES;
				GCC_WARN_UNUSED_VARIABLE = YES;
				IPHONEOS_DEPLOYMENT_TARGET = 12.0;
				MTL_ENABLE_DEBUG_INFO = INCLUDE_SOURCE;
				ONLY_ACTIVE_ARCH = YES;
				SDKROOT = iphoneos;
				SWIFT_ACTIVE_COMPILATION_CONDITIONS = DEBUG;
				SWIFT_OPTIMIZATION_LEVEL = "-Onone";
			};
			name = Debug;
		};
		DA525E5220E6A52500E7A043 /* Release */ = {
			isa = XCBuildConfiguration;
			buildSettings = {
				ALWAYS_SEARCH_USER_PATHS = NO;
				CLANG_ANALYZER_NONNULL = YES;
				CLANG_ANALYZER_NUMBER_OBJECT_CONVERSION = YES_AGGRESSIVE;
				CLANG_CXX_LANGUAGE_STANDARD = "gnu++14";
				CLANG_CXX_LIBRARY = "libc++";
				CLANG_ENABLE_MODULES = YES;
				CLANG_ENABLE_OBJC_ARC = YES;
				CLANG_ENABLE_OBJC_WEAK = YES;
				CLANG_WARN_BLOCK_CAPTURE_AUTORELEASING = YES;
				CLANG_WARN_BOOL_CONVERSION = YES;
				CLANG_WARN_COMMA = YES;
				CLANG_WARN_CONSTANT_CONVERSION = YES;
				CLANG_WARN_DEPRECATED_OBJC_IMPLEMENTATIONS = YES;
				CLANG_WARN_DIRECT_OBJC_ISA_USAGE = YES_ERROR;
				CLANG_WARN_DOCUMENTATION_COMMENTS = YES;
				CLANG_WARN_EMPTY_BODY = YES;
				CLANG_WARN_ENUM_CONVERSION = YES;
				CLANG_WARN_INFINITE_RECURSION = YES;
				CLANG_WARN_INT_CONVERSION = YES;
				CLANG_WARN_NON_LITERAL_NULL_CONVERSION = YES;
				CLANG_WARN_OBJC_IMPLICIT_RETAIN_SELF = YES;
				CLANG_WARN_OBJC_LITERAL_CONVERSION = YES;
				CLANG_WARN_OBJC_ROOT_CLASS = YES_ERROR;
				CLANG_WARN_RANGE_LOOP_ANALYSIS = YES;
				CLANG_WARN_STRICT_PROTOTYPES = YES;
				CLANG_WARN_SUSPICIOUS_MOVE = YES;
				CLANG_WARN_UNGUARDED_AVAILABILITY = YES_AGGRESSIVE;
				CLANG_WARN_UNREACHABLE_CODE = YES;
				CLANG_WARN__DUPLICATE_METHOD_MATCH = YES;
				CODE_SIGN_IDENTITY = "iPhone Developer";
				COPY_PHASE_STRIP = NO;
				DEBUG_INFORMATION_FORMAT = "dwarf-with-dsym";
				ENABLE_NS_ASSERTIONS = NO;
				ENABLE_STRICT_OBJC_MSGSEND = YES;
				GCC_C_LANGUAGE_STANDARD = gnu11;
				GCC_NO_COMMON_BLOCKS = YES;
				GCC_WARN_64_TO_32_BIT_CONVERSION = YES;
				GCC_WARN_ABOUT_RETURN_TYPE = YES_ERROR;
				GCC_WARN_UNDECLARED_SELECTOR = YES;
				GCC_WARN_UNINITIALIZED_AUTOS = YES_AGGRESSIVE;
				GCC_WARN_UNUSED_FUNCTION = YES;
				GCC_WARN_UNUSED_VARIABLE = YES;
				IPHONEOS_DEPLOYMENT_TARGET = 12.0;
				MTL_ENABLE_DEBUG_INFO = NO;
				SDKROOT = iphoneos;
				SWIFT_COMPILATION_MODE = wholemodule;
				SWIFT_OPTIMIZATION_LEVEL = "-O";
				VALIDATE_PRODUCT = YES;
			};
			name = Release;
		};
		DA525E5420E6A52500E7A043 /* Debug */ = {
			isa = XCBuildConfiguration;
			buildSettings = {
				ASSETCATALOG_COMPILER_APPICON_NAME = AppIcon;
				CODE_SIGN_STYLE = Automatic;
				FRAMEWORK_SEARCH_PATHS = (
					"$(inherited)",
					"$(PROJECT_DIR)/Carthage/Build/iOS",
				);
				INFOPLIST_FILE = AnimationSample/Info.plist;
				LD_RUNPATH_SEARCH_PATHS = (
					"$(inherited)",
					"@executable_path/Frameworks",
				);
				PRODUCT_BUNDLE_IDENTIFIER = com.shotanakagami.AnimationSample;
				PRODUCT_NAME = "$(TARGET_NAME)";
				SWIFT_VERSION = 4.2;
				TARGETED_DEVICE_FAMILY = "1,2";
			};
			name = Debug;
		};
		DA525E5520E6A52500E7A043 /* Release */ = {
			isa = XCBuildConfiguration;
			buildSettings = {
				ASSETCATALOG_COMPILER_APPICON_NAME = AppIcon;
				CODE_SIGN_STYLE = Automatic;
				FRAMEWORK_SEARCH_PATHS = (
					"$(inherited)",
					"$(PROJECT_DIR)/Carthage/Build/iOS",
				);
				INFOPLIST_FILE = AnimationSample/Info.plist;
				LD_RUNPATH_SEARCH_PATHS = (
					"$(inherited)",
					"@executable_path/Frameworks",
				);
				PRODUCT_BUNDLE_IDENTIFIER = com.shotanakagami.AnimationSample;
				PRODUCT_NAME = "$(TARGET_NAME)";
				SWIFT_VERSION = 4.2;
				TARGETED_DEVICE_FAMILY = "1,2";
			};
			name = Release;
		};
/* End XCBuildConfiguration section */

/* Begin XCConfigurationList section */
		DA525E3C20E6A52300E7A043 /* Build configuration list for PBXProject "AnimationSample" */ = {
			isa = XCConfigurationList;
			buildConfigurations = (
				DA525E5120E6A52500E7A043 /* Debug */,
				DA525E5220E6A52500E7A043 /* Release */,
			);
			defaultConfigurationIsVisible = 0;
			defaultConfigurationName = Release;
		};
		DA525E5320E6A52500E7A043 /* Build configuration list for PBXNativeTarget "AnimationSample" */ = {
			isa = XCConfigurationList;
			buildConfigurations = (
				DA525E5420E6A52500E7A043 /* Debug */,
				DA525E5520E6A52500E7A043 /* Release */,
			);
			defaultConfigurationIsVisible = 0;
			defaultConfigurationName = Release;
		};
/* End XCConfigurationList section */
	};
	rootObject = DA525E3920E6A52300E7A043 /* Project object */;
}
